
Microsoft Visual Studio Solution File, Format Version 12.00
# Visual Studio Version 16
VisualStudioVersion = 16.0.35130.168
MinimumVisualStudioVersion = 10.0.40219.1
Project("{FAE04EC0-301F-11D3-BF4B-00C04F79EFBC}") = "QLTV_KTQD", "QLTV_KTQD\QLTV_KTQD.csproj", "{6992A471-85E7-4E32-AC7B-E7D840EA363E}"
EndProject
Global
	GlobalSection(SolutionConfigurationPlatforms) = preSolution
		Debug|Any CPU = Debug|Any CPU
		Release|Any CPU = Release|Any CPU
	EndGlobalSection
	GlobalSection(ProjectConfigurationPlatforms) = postSolution
		{6992A471-85E7-4E32-AC7B-E7D840EA363E}.Debug|Any CPU.ActiveCfg = Debug|Any CPU
		{6992A471-85E7-4E32-AC7B-E7D840EA363E}.Debug|Any CPU.Build.0 = Debug|Any CPU
		{6992A471-85E7-4E32-AC7B-E7D840EA363E}.Release|Any CPU.ActiveCfg = Release|Any CPU
		{6992A471-85E7-4E32-AC7B-E7D840EA363E}.Release|Any CPU.Build.0 = Release|Any CPU
	EndGlobalSection
	GlobalSection(SolutionProperties) = preSolution
		HideSolutionNode = FALSE
	EndGlobalSection
	GlobalSection(ExtensibilityGlobals) = postSolution
		SolutionGuid = {749B0BD5-DE12-4120-A727-CED0EACA0110}
	EndGlobalSection
EndGlobal
